
Microsoft Visual Studio Solution File, Format Version 12.00
# Visual Studio Version 17
VisualStudioVersion = 17.12.35323.107
MinimumVisualStudioVersion = 10.0.40219.1
Project("{FAE04EC0-301F-11D3-BF4B-00C04F79EFBC}") = "VoiceRecorder", "VoiceRecorder\VoiceRecorder.csproj", "{C3FB2B8C-E883-4A8F-ACED-D42DC78528D5}"
EndProject
Global
	GlobalSection(SolutionConfigurationPlatforms) = preSolution
		Debug|Any CPU = Debug|Any CPU
		Release|Any CPU = Release|Any CPU
	EndGlobalSection
	GlobalSection(ProjectConfigurationPlatforms) = postSolution
		{C3FB2B8C-E883-4A8F-ACED-D42DC78528D5}.Debug|Any CPU.ActiveCfg = Debug|Any CPU
		{C3FB2B8C-E883-4A8F-ACED-D42DC78528D5}.Debug|Any CPU.Build.0 = Debug|Any CPU
		{C3FB2B8C-E883-4A8F-ACED-D42DC78528D5}.Release|Any CPU.ActiveCfg = Release|Any CPU
		{C3FB2B8C-E883-4A8F-ACED-D42DC78528D5}.Release|Any CPU.Build.0 = Release|Any CPU
	EndGlobalSection
	GlobalSection(SolutionProperties) = preSolution
		HideSolutionNode = FALSE
	EndGlobalSection
	GlobalSection(ExtensibilityGlobals) = postSolution
		SolutionGuid = {3A654FB6-DA6D-4EAE-8E93-7730D3BB7092}
	EndGlobalSection
EndGlobal
